
Microsoft Visual Studio Solution File, Format Version 12.00
# Visual Studio Version 16
VisualStudioVersion = 16.0.31105.61
MinimumVisualStudioVersion = 10.0.40219.1
Project("{FAE04EC0-301F-11D3-BF4B-00C04F79EFBC}") = "st7735_img2arr", "st7735_img2arr.csproj", "{66C6B4A7-17A2-4C0C-B768-9CA06AE55FA2}"
EndProject
Global
	GlobalSection(SolutionConfigurationPlatforms) = preSolution
		Debug|Any CPU = Debug|Any CPU
		Release|Any CPU = Release|Any CPU
	EndGlobalSection
	GlobalSection(ProjectConfigurationPlatforms) = postSolution
		{66C6B4A7-17A2-4C0C-B768-9CA06AE55FA2}.Debug|Any CPU.ActiveCfg = Debug|Any CPU
		{66C6B4A7-17A2-4C0C-B768-9CA06AE55FA2}.Debug|Any CPU.Build.0 = Debug|Any CPU
		{66C6B4A7-17A2-4C0C-B768-9CA06AE55FA2}.Release|Any CPU.ActiveCfg = Release|Any CPU
		{66C6B4A7-17A2-4C0C-B768-9CA06AE55FA2}.Release|Any CPU.Build.0 = Release|Any CPU
	EndGlobalSection
	GlobalSection(SolutionProperties) = preSolution
		HideSolutionNode = FALSE
	EndGlobalSection
	GlobalSection(ExtensibilityGlobals) = postSolution
		SolutionGuid = {AFE99B53-045B-427D-9A3A-6F2B0CC56C04}
	EndGlobalSection
EndGlobal
